
Microsoft Visual Studio Solution File, Format Version 12.00
# Visual Studio Version 16
VisualStudioVersion = 16.0.30907.101
MinimumVisualStudioVersion = 10.0.40219.1
Project("{FAE04EC0-301F-11D3-BF4B-00C04F79EFBC}") = "AT_homerwork", "AT_homerwork.csproj", "{A33538E9-3C93-4476-8D42-4579BB863B71}"
EndProject
Project("{FAE04EC0-301F-11D3-BF4B-00C04F79EFBC}") = "mass", "..\mass\mass.csproj", "{7A18EF84-594A-4087-A292-7C577EDED4B2}"
EndProject
Global
	GlobalSection(SolutionConfigurationPlatforms) = preSolution
		Debug|Any CPU = Debug|Any CPU
		Release|Any CPU = Release|Any CPU
	EndGlobalSection
	GlobalSection(ProjectConfigurationPlatforms) = postSolution
		{A33538E9-3C93-4476-8D42-4579BB863B71}.Debug|Any CPU.ActiveCfg = Debug|Any CPU
		{A33538E9-3C93-4476-8D42-4579BB863B71}.Debug|Any CPU.Build.0 = Debug|Any CPU
		{A33538E9-3C93-4476-8D42-4579BB863B71}.Release|Any CPU.ActiveCfg = Release|Any CPU
		{A33538E9-3C93-4476-8D42-4579BB863B71}.Release|Any CPU.Build.0 = Release|Any CPU
		{7A18EF84-594A-4087-A292-7C577EDED4B2}.Debug|Any CPU.ActiveCfg = Debug|Any CPU
		{7A18EF84-594A-4087-A292-7C577EDED4B2}.Debug|Any CPU.Build.0 = Debug|Any CPU
		{7A18EF84-594A-4087-A292-7C577EDED4B2}.Release|Any CPU.ActiveCfg = Release|Any CPU
		{7A18EF84-594A-4087-A292-7C577EDED4B2}.Release|Any CPU.Build.0 = Release|Any CPU
	EndGlobalSection
	GlobalSection(SolutionProperties) = preSolution
		HideSolutionNode = FALSE
	EndGlobalSection
	GlobalSection(ExtensibilityGlobals) = postSolution
		SolutionGuid = {163B0A84-7876-439B-8925-13ED576E6F19}
	EndGlobalSection
EndGlobal
